dependencies:
- name: base
  repository: https://istio-release.storage.googleapis.com/charts
  version: 1.25.1
- name: cni
  repository: https://istio-release.storage.googleapis.com/charts
  version: 1.25.1
- name: istiod
  repository: https://istio-release.storage.googleapis.com/charts
  version: 1.25.1
- name: opentelemetry-collector
  repository: https://open-telemetry.github.io/opentelemetry-helm-charts
  version: 0.117.3
- name: opentelemetry-operator
  repository: https://open-telemetry.github.io/opentelemetry-helm-charts
  version: 0.82.0
digest: sha256:df49f0e4f578ccda29fbe6e4274c943b4f6f5645e99666b4916a233aa284f64e
generated: "2025-03-30T20:15:22.321106638Z"
