dependencies:
- name: base
  repository: https://istio-release.storage.googleapis.com/charts
  version: 1.25.1
- name: cni
  repository: https://istio-release.storage.googleapis.com/charts
  version: 1.25.1
- name: istiod
  repository: https://istio-release.storage.googleapis.com/charts
  version: 1.25.1
- name: opentelemetry-collector
  repository: https://open-telemetry.github.io/opentelemetry-helm-charts
  version: 0.117.3
- name: opentelemetry-operator
  repository: https://open-telemetry.github.io/opentelemetry-helm-charts
  version: 0.82.0
- name: ztunnel
  repository: https://istio-release.storage.googleapis.com/charts
  version: 1.25.1
digest: sha256:2e1d020faf09b9a8c6927a684ae564e6ca732244d57e94337115e358385f4563
generated: "2025-03-30T11:58:01.802665633Z"
