dependencies:
- name: grafana
  repository: https://grafana.github.io/helm-charts
  version: 8.8.2
- name: loki
  repository: https://grafana.github.io/helm-charts
  version: 6.24.0
- name: mimir-distributed
  repository: https://grafana.github.io/helm-charts
  version: 5.5.1
- name: opentelemetry-collector
  repository: https://open-telemetry.github.io/opentelemetry-helm-charts
  version: 0.111.1
- name: postgresql
  repository: oci://registry-1.docker.io/bitnamicharts
  version: 16.3.5
- name: tempo-distributed
  repository: https://grafana.github.io/helm-charts
  version: 1.28.0
digest: sha256:d7f53dee89bc4fc1d47efde4293b857b2a278b80021027930e26ed6b833e6dfd
generated: "2025-01-09T17:26:32.67054547Z"
